// !$*UTF8*$!
{
	archiveVersion = 1;
	classes = {
	};
	objectVersion = 50;
	objects = {

/* Begin PBXBuildFile section */
		641FC5AF234BBF41001835E0 /* AppDelegate.swift in Sources */ = {isa = PBXBuildFile; fileRef = 641FC5AE234BBF41001835E0 /* AppDelegate.swift */; };
		641FC5B1234BBF41001835E0 /* SceneDelegate.swift in Sources */ = {isa = PBXBuildFile; fileRef = 641FC5B0234BBF41001835E0 /* SceneDelegate.swift */; };
		641FC5B3234BBF41001835E0 /* ViewController.swift in Sources */ = {isa = PBXBuildFile; fileRef = 641FC5B2234BBF41001835E0 /* ViewController.swift */; };
		641FC5B6234BBF41001835E0 /* Main.storyboard in Resources */ = {isa = PBXBuildFile; fileRef = 641FC5B4234BBF41001835E0 /* Main.storyboard */; };
		641FC5B8234BBF41001835E0 /* Assets.xcassets in Resources */ = {isa = PBXBuildFile; fileRef = 641FC5B7234BBF41001835E0 /* Assets.xcassets */; };
		641FC5BB234BBF41001835E0 /* LaunchScreen.storyboard in Resources */ = {isa = PBXBuildFile; fileRef = 641FC5B9234BBF41001835E0 /* LaunchScreen.storyboard */; };
		641FC5C6234BBF42001835E0 /* photoJournalTests.swift in Sources */ = {isa = PBXBuildFile; fileRef = 641FC5C5234BBF42001835E0 /* photoJournalTests.swift */; };
		641FC5D1234BE5CC001835E0 /* addPhotoEntryViewController.swift in Sources */ = {isa = PBXBuildFile; fileRef = 641FC5D0234BE5CC001835E0 /* addPhotoEntryViewController.swift */; };
		641FC5D3234BE623001835E0 /* photoCell.swift in Sources */ = {isa = PBXBuildFile; fileRef = 641FC5D2234BE623001835E0 /* photoCell.swift */; };
		641FC5D5234BE829001835E0 /* PhotoInfo.swift in Sources */ = {isa = PBXBuildFile; fileRef = 641FC5D4234BE829001835E0 /* PhotoInfo.swift */; };
		641FC5D7234BE877001835E0 /* PersistenceHelper.swift in Sources */ = {isa = PBXBuildFile; fileRef = 641FC5D6234BE877001835E0 /* PersistenceHelper.swift */; };
		641FC5D9234BE8A5001835E0 /* PhotoPersistenceHelper.swift in Sources */ = {isa = PBXBuildFile; fileRef = 641FC5D8234BE8A5001835E0 /* PhotoPersistenceHelper.swift */; };
/* End PBXBuildFile section */

/* Begin PBXContainerItemProxy section */
		641FC5C2234BBF42001835E0 /* PBXContainerItemProxy */ = {
			isa = PBXContainerItemProxy;
			containerPortal = 641FC5A3234BBF41001835E0 /* Project object */;
			proxyType = 1;
			remoteGlobalIDString = 641FC5AA234BBF41001835E0;
			remoteInfo = photoJournal;
		};
/* End PBXContainerItemProxy section */

/* Begin PBXFileReference section */
		641FC5AB234BBF41001835E0 /* photoJournal.app */ = {isa = PBXFileReference; explicitFileType = wrapper.application; includeInIndex = 0; path = photoJournal.app; sourceTree = BUILT_PRODUCTS_DIR; };
		641FC5AE234BBF41001835E0 /* AppDelegate.swift */ = {isa = PBXFileReference; lastKnownFileType = sourcecode.swift; path = AppDelegate.swift; sourceTree = "<group>"; };
		641FC5B0234BBF41001835E0 /* SceneDelegate.swift */ = {isa = PBXFileReference; lastKnownFileType = sourcecode.swift; path = SceneDelegate.swift; sourceTree = "<group>"; };
		641FC5B2234BBF41001835E0 /* ViewController.swift */ = {isa = PBXFileReference; lastKnownFileType = sourcecode.swift; path = ViewController.swift; sourceTree = "<group>"; };
		641FC5B5234BBF41001835E0 /* Base */ = {isa = PBXFileReference; lastKnownFileType = file.storyboard; name = Base; path = Base.lproj/Main.storyboard; sourceTree = "<group>"; };
		641FC5B7234BBF41001835E0 /* Assets.xcassets */ = {isa = PBXFileReference; lastKnownFileType = folder.assetcatalog; path = Assets.xcassets; sourceTree = "<group>"; };
		641FC5BA234BBF41001835E0 /* Base */ = {isa = PBXFileReference; lastKnownFileType = file.storyboard; name = Base; path = Base.lproj/LaunchScreen.storyboard; sourceTree = "<group>"; };
		641FC5BC234BBF41001835E0 /* Info.plist */ = {isa = PBXFileReference; lastKnownFileType = text.plist.xml; path = Info.plist; sourceTree = "<group>"; };
		641FC5C1234BBF42001835E0 /* photoJournalTests.xctest */ = {isa = PBXFileReference; explicitFileType = wrapper.cfbundle; includeInIndex = 0; path = photoJournalTests.xctest; sourceTree = BUILT_PRODUCTS_DIR; };
		641FC5C5234BBF42001835E0 /* photoJournalTests.swift */ = {isa = PBXFileReference; lastKnownFileType = sourcecode.swift; path = photoJournalTests.swift; sourceTree = "<group>"; };
		641FC5C7234BBF42001835E0 /* Info.plist */ = {isa = PBXFileReference; lastKnownFileType = text.plist.xml; path = Info.plist; sourceTree = "<group>"; };
		641FC5D0234BE5CC001835E0 /* addPhotoEntryViewController.swift */ = {isa = PBXFileReference; lastKnownFileType = sourcecode.swift; path = addPhotoEntryViewController.swift; sourceTree = "<group>"; };
		641FC5D2234BE623001835E0 /* photoCell.swift */ = {isa = PBXFileReference; lastKnownFileType = sourcecode.swift; path = photoCell.swift; sourceTree = "<group>"; };
		641FC5D4234BE829001835E0 /* PhotoInfo.swift */ = {isa = PBXFileReference; lastKnownFileType = sourcecode.swift; path = PhotoInfo.swift; sourceTree = "<group>"; };
		641FC5D6234BE877001835E0 /* PersistenceHelper.swift */ = {isa = PBXFileReference; lastKnownFileType = sourcecode.swift; path = PersistenceHelper.swift; sourceTree = "<group>"; };
		641FC5D8234BE8A5001835E0 /* PhotoPersistenceHelper.swift */ = {isa = PBXFileReference; lastKnownFileType = sourcecode.swift; path = PhotoPersistenceHelper.swift; sourceTree = "<group>"; };
/* End PBXFileReference section */

/* Begin PBXFrameworksBuildPhase section */
		641FC5A8234BBF41001835E0 /* Frameworks */ = {
			isa = PBXFrameworksBuildPhase;
			buildActionMask = 2147483647;
			files = (
			);
			runOnlyForDeploymentPostprocessing = 0;
		};
		641FC5BE234BBF42001835E0 /* Frameworks */ = {
			isa = PBXFrameworksBuildPhase;
			buildActionMask = 2147483647;
			files = (
			);
			runOnlyForDeploymentPostprocessing = 0;
		};
/* End PBXFrameworksBuildPhase section */

/* Begin PBXGroup section */
		641FC5A2234BBF41001835E0 = {
			isa = PBXGroup;
			children = (
				641FC5AD234BBF41001835E0 /* photoJournal */,
				641FC5C4234BBF42001835E0 /* photoJournalTests */,
				641FC5AC234BBF41001835E0 /* Products */,
			);
			sourceTree = "<group>";
		};
		641FC5AC234BBF41001835E0 /* Products */ = {
			isa = PBXGroup;
			children = (
				641FC5AB234BBF41001835E0 /* photoJournal.app */,
				641FC5C1234BBF42001835E0 /* photoJournalTests.xctest */,
			);
			name = Products;
			sourceTree = "<group>";
		};
		641FC5AD234BBF41001835E0 /* photoJournal */ = {
			isa = PBXGroup;
			children = (
				641FC5AE234BBF41001835E0 /* AppDelegate.swift */,
				641FC5B0234BBF41001835E0 /* SceneDelegate.swift */,
				641FC5B2234BBF41001835E0 /* ViewController.swift */,
				641FC5B4234BBF41001835E0 /* Main.storyboard */,
				641FC5D2234BE623001835E0 /* photoCell.swift */,
				641FC5D4234BE829001835E0 /* PhotoInfo.swift */,
				641FC5D6234BE877001835E0 /* PersistenceHelper.swift */,
				641FC5D8234BE8A5001835E0 /* PhotoPersistenceHelper.swift */,
				641FC5D0234BE5CC001835E0 /* addPhotoEntryViewController.swift */,
				641FC5B7234BBF41001835E0 /* Assets.xcassets */,
				641FC5B9234BBF41001835E0 /* LaunchScreen.storyboard */,
				641FC5BC234BBF41001835E0 /* Info.plist */,
			);
			path = photoJournal;
			sourceTree = "<group>";
		};
		641FC5C4234BBF42001835E0 /* photoJournalTests */ = {
			isa = PBXGroup;
			children = (
				641FC5C5234BBF42001835E0 /* photoJournalTests.swift */,
				641FC5C7234BBF42001835E0 /* Info.plist */,
			);
			path = photoJournalTests;
			sourceTree = "<group>";
		};
/* End PBXGroup section */

/* Begin PBXNativeTarget section */
		641FC5AA234BBF41001835E0 /* photoJournal */ = {
			isa = PBXNativeTarget;
			buildConfigurationList = 641FC5CA234BBF42001835E0 /* Build configuration list for PBXNativeTarget "photoJournal" */;
			buildPhases = (
				641FC5A7234BBF41001835E0 /* Sources */,
				641FC5A8234BBF41001835E0 /* Frameworks */,
				641FC5A9234BBF41001835E0 /* Resources */,
			);
			buildRules = (
			);
			dependencies = (
			);
			name = photoJournal;
			productName = photoJournal;
			productReference = 641FC5AB234BBF41001835E0 /* photoJournal.app */;
			productType = "com.apple.product-type.application";
		};
		641FC5C0234BBF42001835E0 /* photoJournalTests */ = {
			isa = PBXNativeTarget;
			buildConfigurationList = 641FC5CD234BBF42001835E0 /* Build configuration list for PBXNativeTarget "photoJournalTests" */;
			buildPhases = (
				641FC5BD234BBF42001835E0 /* Sources */,
				641FC5BE234BBF42001835E0 /* Frameworks */,
				641FC5BF234BBF42001835E0 /* Resources */,
			);
			buildRules = (
			);
			dependencies = (
				641FC5C3234BBF42001835E0 /* PBXTargetDependency */,
			);
			name = photoJournalTests;
			productName = photoJournalTests;
			productReference = 641FC5C1234BBF42001835E0 /* photoJournalTests.xctest */;
			productType = "com.apple.product-type.bundle.unit-test";
		};
/* End PBXNativeTarget section */

/* Begin PBXProject section */
		641FC5A3234BBF41001835E0 /* Project object */ = {
			isa = PBXProject;
			attributes = {
				LastSwiftUpdateCheck = 1100;
				LastUpgradeCheck = 1100;
				ORGANIZATIONNAME = "hildy abreu";
				TargetAttributes = {
					641FC5AA234BBF41001835E0 = {
						CreatedOnToolsVersion = 11.0;
					};
					641FC5C0234BBF42001835E0 = {
						CreatedOnToolsVersion = 11.0;
						TestTargetID = 641FC5AA234BBF41001835E0;
					};
				};
			};
			buildConfigurationList = 641FC5A6234BBF41001835E0 /* Build configuration list for PBXProject "photoJournal" */;
			compatibilityVersion = "Xcode 9.3";
			developmentRegion = en;
			hasScannedForEncodings = 0;
			knownRegions = (
				en,
				Base,
			);
			mainGroup = 641FC5A2234BBF41001835E0;
			productRefGroup = 641FC5AC234BBF41001835E0 /* Products */;
			projectDirPath = "";
			projectRoot = "";
			targets = (
				641FC5AA234BBF41001835E0 /* photoJournal */,
				641FC5C0234BBF42001835E0 /* photoJournalTests */,
			);
		};
/* End PBXProject section */

/* Begin PBXResourcesBuildPhase section */
		641FC5A9234BBF41001835E0 /* Resources */ = {
			isa = PBXResourcesBuildPhase;
			buildActionMask = 2147483647;
			files = (
				641FC5BB234BBF41001835E0 /* LaunchScreen.storyboard in Resources */,
				641FC5B8234BBF41001835E0 /* Assets.xcassets in Resources */,
				641FC5B6234BBF41001835E0 /* Main.storyboard in Resources */,
			);
			runOnlyForDeploymentPostprocessing = 0;
		};
		641FC5BF234BBF42001835E0 /* Resources */ = {
			isa = PBXResourcesBuildPhase;
			buildActionMask = 2147483647;
			files = (
			);
			runOnlyForDeploymentPostprocessing = 0;
		};
/* End PBXResourcesBuildPhase section */

/* Begin PBXSourcesBuildPhase section */
		641FC5A7234BBF41001835E0 /* Sources */ = {
			isa = PBXSourcesBuildPhase;
			buildActionMask = 2147483647;
			files = (
				641FC5D5234BE829001835E0 /* PhotoInfo.swift in Sources */,
				641FC5D3234BE623001835E0 /* photoCell.swift in Sources */,
				641FC5D1234BE5CC001835E0 /* addPhotoEntryViewController.swift in Sources */,
				641FC5D7234BE877001835E0 /* PersistenceHelper.swift in Sources */,
				641FC5B3234BBF41001835E0 /* ViewController.swift in Sources */,
				641FC5AF234BBF41001835E0 /* AppDelegate.swift in Sources */,
				641FC5D9234BE8A5001835E0 /* PhotoPersistenceHelper.swift in Sources */,
				641FC5B1234BBF41001835E0 /* SceneDelegate.swift in Sources */,
			);
			runOnlyForDeploymentPostprocessing = 0;
		};
		641FC5BD234BBF42001835E0 /* Sources */ = {
			isa = PBXSourcesBuildPhase;
			buildActionMask = 2147483647;
			files = (
				641FC5C6234BBF42001835E0 /* photoJournalTests.swift in Sources */,
			);
			runOnlyForDeploymentPostprocessing = 0;
		};
/* End PBXSourcesBuildPhase section */

/* Begin PBXTargetDependency section */
		641FC5C3234BBF42001835E0 /* PBXTargetDependency */ = {
			isa = PBXTargetDependency;
			target = 641FC5AA234BBF41001835E0 /* photoJournal */;
			targetProxy = 641FC5C2234BBF42001835E0 /* PBXContainerItemProxy */;
		};
/* End PBXTargetDependency section */

/* Begin PBXVariantGroup section */
		641FC5B4234BBF41001835E0 /* Main.storyboard */ = {
			isa = PBXVariantGroup;
			children = (
				641FC5B5234BBF41001835E0 /* Base */,
			);
			name = Main.storyboard;
			sourceTree = "<group>";
		};
		641FC5B9234BBF41001835E0 /* LaunchScreen.storyboard */ = {
			isa = PBXVariantGroup;
			children = (
				641FC5BA234BBF41001835E0 /* Base */,
			);
			name = LaunchScreen.storyboard;
			sourceTree = "<group>";
		};
/* End PBXVariantGroup section */

/* Begin XCBuildConfiguration section */
		641FC5C8234BBF42001835E0 /* Debug */ = {
			isa = XCBuildConfiguration;
			buildSettings = {
				ALWAYS_SEARCH_USER_PATHS = NO;
				CLANG_ANALYZER_NONNULL = YES;
				CLANG_ANALYZER_NUMBER_OBJECT_CONVERSION = YES_AGGRESSIVE;
				CLANG_CXX_LANGUAGE_STANDARD = "gnu++14";
				CLANG_CXX_LIBRARY = "libc++";
				CLANG_ENABLE_MODULES = YES;
				CLANG_ENABLE_OBJC_ARC = YES;
				CLANG_ENABLE_OBJC_WEAK = YES;
				CLANG_WARN_BLOCK_CAPTURE_AUTORELEASING = YES;
				CLANG_WARN_BOOL_CONVERSION = YES;
				CLANG_WARN_COMMA = YES;
				CLANG_WARN_CONSTANT_CONVERSION = YES;
				CLANG_WARN_DEPRECATED_OBJC_IMPLEMENTATIONS = YES;
				CLANG_WARN_DIRECT_OBJC_ISA_USAGE = YES_ERROR;
				CLANG_WARN_DOCUMENTATION_COMMENTS = YES;
				CLANG_WARN_EMPTY_BODY = YES;
				CLANG_WARN_ENUM_CONVERSION = YES;
				CLANG_WARN_INFINITE_RECURSION = YES;
				CLANG_WARN_INT_CONVERSION = YES;
				CLANG_WARN_NON_LITERAL_NULL_CONVERSION = YES;
				CLANG_WARN_OBJC_IMPLICIT_RETAIN_SELF = YES;
				CLANG_WARN_OBJC_LITERAL_CONVERSION = YES;
				CLANG_WARN_OBJC_ROOT_CLASS = YES_ERROR;
				CLANG_WARN_RANGE_LOOP_ANALYSIS = YES;
				CLANG_WARN_STRICT_PROTOTYPES = YES;
				CLANG_WARN_SUSPICIOUS_MOVE = YES;
				CLANG_WARN_UNGUARDED_AVAILABILITY = YES_AGGRESSIVE;
				CLANG_WARN_UNREACHABLE_CODE = YES;
				CLANG_WARN__DUPLICATE_METHOD_MATCH = YES;
				COPY_PHASE_STRIP = NO;
				DEBUG_INFORMATION_FORMAT = dwarf;
				ENABLE_STRICT_OBJC_MSGSEND = YES;
				ENABLE_TESTABILITY = YES;
				GCC_C_LANGUAGE_STANDARD = gnu11;
				GCC_DYNAMIC_NO_PIC = NO;
				GCC_NO_COMMON_BLOCKS = YES;
				GCC_OPTIMIZATION_LEVEL = 0;
				GCC_PREPROCESSOR_DEFINITIONS = (
					"DEBUG=1",
					"$(inherited)",
				);
				GCC_WARN_64_TO_32_BIT_CONVERSION = YES;
				GCC_WARN_ABOUT_RETURN_TYPE = YES_ERROR;
				GCC_WARN_UNDECLARED_SELECTOR = YES;
				GCC_WARN_UNINITIALIZED_AUTOS = YES_AGGRESSIVE;
				GCC_WARN_UNUSED_FUNCTION = YES;
				GCC_WARN_UNUSED_VARIABLE = YES;
				IPHONEOS_DEPLOYMENT_TARGET = 13.0;
				MTL_ENABLE_DEBUG_INFO = INCLUDE_SOURCE;
				MTL_FAST_MATH = YES;
				ONLY_ACTIVE_ARCH = YES;
				SDKROOT = iphoneos;
				SWIFT_ACTIVE_COMPILATION_CONDITIONS = DEBUG;
				SWIFT_OPTIMIZATION_LEVEL = "-Onone";
			};
			name = Debug;
		};
		641FC5C9234BBF42001835E0 /* Release */ = {
			isa = XCBuildConfiguration;
			buildSettings = {
				ALWAYS_SEARCH_USER_PATHS = NO;
				CLANG_ANALYZER_NONNULL = YES;
				CLANG_ANALYZER_NUMBER_OBJECT_CONVERSION = YES_AGGRESSIVE;
				CLANG_CXX_LANGUAGE_STANDARD = "gnu++14";
				CLANG_CXX_LIBRARY = "libc++";
				CLANG_ENABLE_MODULES = YES;
				CLANG_ENABLE_OBJC_ARC = YES;
				CLANG_ENABLE_OBJC_WEAK = YES;
				CLANG_WARN_BLOCK_CAPTURE_AUTORELEASING = YES;
				CLANG_WARN_BOOL_CONVERSION = YES;
				CLANG_WARN_COMMA = YES;
				CLANG_WARN_CONSTANT_CONVERSION = YES;
				CLANG_WARN_DEPRECATED_OBJC_IMPLEMENTATIONS = YES;
				CLANG_WARN_DIRECT_OBJC_ISA_USAGE = YES_ERROR;
				CLANG_WARN_DOCUMENTATION_COMMENTS = YES;
				CLANG_WARN_EMPTY_BODY = YES;
				CLANG_WARN_ENUM_CONVERSION = YES;
				CLANG_WARN_INFINITE_RECURSION = YES;
				CLANG_WARN_INT_CONVERSION = YES;
				CLANG_WARN_NON_LITERAL_NULL_CONVERSION = YES;
				CLANG_WARN_OBJC_IMPLICIT_RETAIN_SELF = YES;
				CLANG_WARN_OBJC_LITERAL_CONVERSION = YES;
				CLANG_WARN_OBJC_ROOT_CLASS = YES_ERROR;
				CLANG_WARN_RANGE_LOOP_ANALYSIS = YES;
				CLANG_WARN_STRICT_PROTOTYPES = YES;
				CLANG_WARN_SUSPICIOUS_MOVE = YES;
				CLANG_WARN_UNGUARDED_AVAILABILITY = YES_AGGRESSIVE;
				CLANG_WARN_UNREACHABLE_CODE = YES;
				CLANG_WARN__DUPLICATE_METHOD_MATCH = YES;
				COPY_PHASE_STRIP = NO;
				DEBUG_INFORMATION_FORMAT = "dwarf-with-dsym";
				ENABLE_NS_ASSERTIONS = NO;
				ENABLE_STRICT_OBJC_MSGSEND = YES;
				GCC_C_LANGUAGE_STANDARD = gnu11;
				GCC_NO_COMMON_BLOCKS = YES;
				GCC_WARN_64_TO_32_BIT_CONVERSION = YES;
				GCC_WARN_ABOUT_RETURN_TYPE = YES_ERROR;
				GCC_WARN_UNDECLARED_SELECTOR = YES;
				GCC_WARN_UNINITIALIZED_AUTOS = YES_AGGRESSIVE;
				GCC_WARN_UNUSED_FUNCTION = YES;
				GCC_WARN_UNUSED_VARIABLE = YES;
				IPHONEOS_DEPLOYMENT_TARGET = 13.0;
				MTL_ENABLE_DEBUG_INFO = NO;
				MTL_FAST_MATH = YES;
				SDKROOT = iphoneos;
				SWIFT_COMPILATION_MODE = wholemodule;
				SWIFT_OPTIMIZATION_LEVEL = "-O";
				VALIDATE_PRODUCT = YES;
			};
			name = Release;
		};
		641FC5CB234BBF42001835E0 /* Debug */ = {
			isa = XCBuildConfiguration;
			buildSettings = {
				ASSETCATALOG_COMPILER_APPICON_NAME = AppIcon;
				CODE_SIGN_STYLE = Automatic;
				INFOPLIST_FILE = photoJournal/Info.plist;
				LD_RUNPATH_SEARCH_PATHS = (
					"$(inherited)",
					"@executable_path/Frameworks",
				);
				PRODUCT_BUNDLE_IDENTIFIER = create.photoJournal;
				PRODUCT_NAME = "$(TARGET_NAME)";
				SWIFT_VERSION = 5.0;
				TARGETED_DEVICE_FAMILY = "1,2";
			};
			name = Debug;
		};
		641FC5CC234BBF42001835E0 /* Release */ = {
			isa = XCBuildConfiguration;
			buildSettings = {
				ASSETCATALOG_COMPILER_APPICON_NAME = AppIcon;
				CODE_SIGN_STYLE = Automatic;
				INFOPLIST_FILE = photoJournal/Info.plist;
				LD_RUNPATH_SEARCH_PATHS = (
					"$(inherited)",
					"@executable_path/Frameworks",
				);
				PRODUCT_BUNDLE_IDENTIFIER = create.photoJournal;
				PRODUCT_NAME = "$(TARGET_NAME)";
				SWIFT_VERSION = 5.0;
				TARGETED_DEVICE_FAMILY = "1,2";
			};
			name = Release;
		};
		641FC5CE234BBF42001835E0 /* Debug */ = {
			isa = XCBuildConfiguration;
			buildSettings = {
				ALWAYS_EMBED_SWIFT_STANDARD_LIBRARIES = YES;
				BUNDLE_LOADER = "$(TEST_HOST)";
				CODE_SIGN_STYLE = Automatic;
				INFOPLIST_FILE = photoJournalTests/Info.plist;
				IPHONEOS_DEPLOYMENT_TARGET = 13.0;
				LD_RUNPATH_SEARCH_PATHS = (
					"$(inherited)",
					"@executable_path/Frameworks",
					"@loader_path/Frameworks",
				);
				PRODUCT_BUNDLE_IDENTIFIER = create.photoJournalTests;
				PRODUCT_NAME = "$(TARGET_NAME)";
				SWIFT_VERSION = 5.0;
				TARGETED_DEVICE_FAMILY = "1,2";
				TEST_HOST = "$(BUILT_PRODUCTS_DIR)/photoJournal.app/photoJournal";
			};
			name = Debug;
		};
		641FC5CF234BBF42001835E0 /* Release */ = {
			isa = XCBuildConfiguration;
			buildSettings = {
				ALWAYS_EMBED_SWIFT_STANDARD_LIBRARIES = YES;
				BUNDLE_LOADER = "$(TEST_HOST)";
				CODE_SIGN_STYLE = Automatic;
				INFOPLIST_FILE = photoJournalTests/Info.plist;
				IPHONEOS_DEPLOYMENT_TARGET = 13.0;
				LD_RUNPATH_SEARCH_PATHS = (
					"$(inherited)",
					"@executable_path/Frameworks",
					"@loader_path/Frameworks",
				);
				PRODUCT_BUNDLE_IDENTIFIER = create.photoJournalTests;
				PRODUCT_NAME = "$(TARGET_NAME)";
				SWIFT_VERSION = 5.0;
				TARGETED_DEVICE_FAMILY = "1,2";
				TEST_HOST = "$(BUILT_PRODUCTS_DIR)/photoJournal.app/photoJournal";
			};
			name = Release;
		};
/* End XCBuildConfiguration section */

/* Begin XCConfigurationList section */
		641FC5A6234BBF41001835E0 /* Build configuration list for PBXProject "photoJournal" */ = {
			isa = XCConfigurationList;
			buildConfigurations = (
				641FC5C8234BBF42001835E0 /* Debug */,
				641FC5C9234BBF42001835E0 /* Release */,
			);
			defaultConfigurationIsVisible = 0;
			defaultConfigurationName = Release;
		};
		641FC5CA234BBF42001835E0 /* Build configuration list for PBXNativeTarget "photoJournal" */ = {
			isa = XCConfigurationList;
			buildConfigurations = (
				641FC5CB234BBF42001835E0 /* Debug */,
				641FC5CC234BBF42001835E0 /* Release */,
			);
			defaultConfigurationIsVisible = 0;
			defaultConfigurationName = Release;
		};
		641FC5CD234BBF42001835E0 /* Build configuration list for PBXNativeTarget "photoJournalTests" */ = {
			isa = XCConfigurationList;
			buildConfigurations = (
				641FC5CE234BBF42001835E0 /* Debug */,
				641FC5CF234BBF42001835E0 /* Release */,
			);
			defaultConfigurationIsVisible = 0;
			defaultConfigurationName = Release;
		};
/* End XCConfigurationList section */
	};
	rootObject = 641FC5A3234BBF41001835E0 /* Project object */;
}
